
Microsoft Visual Studio Solution File, Format Version 12.00
# Visual Studio Version 17
VisualStudioVersion = 17.8.34309.116
MinimumVisualStudioVersion = 10.0.40219.1
Project("{FAE04EC0-301F-11D3-BF4B-00C04F79EFBC}") = "PrimaryConstructor", "PrimaryConstructor\PrimaryConstructor.csproj", "{238316E0-AF5C-4389-9E7A-C31BB7F7D275}"
EndProject
Project("{FAE04EC0-301F-11D3-BF4B-00C04F79EFBC}") = "CollectionExpression", "CollectionExpression\CollectionExpression.csproj", "{AD71D5C8-C6BA-40F6-B015-B710D6295EC8}"
EndProject
Project("{FAE04EC0-301F-11D3-BF4B-00C04F79EFBC}") = "RefReadOnlyParameter", "RefReadOnlyParameter\RefReadOnlyParameter.csproj", "{8BE2C5DF-C215-4B01-8CE3-59AB36EAA43C}"
EndProject
Project("{FAE04EC0-301F-11D3-BF4B-00C04F79EFBC}") = "DefaultLambdaParameters", "DefaultLambdaExpressions\DefaultLambdaParameters.csproj", "{B46CD72E-1EC7-4C6E-8ED4-8ED3AFFD9720}"
EndProject
Project("{FAE04EC0-301F-11D3-BF4B-00C04F79EFBC}") = "AliasAnyType", "AliasAnyType\AliasAnyType.csproj", "{A60AF656-F31B-44EC-847E-0A43558BCDD1}"
EndProject
Global
	GlobalSection(SolutionConfigurationPlatforms) = preSolution
		Debug|Any CPU = Debug|Any CPU
		Release|Any CPU = Release|Any CPU
	EndGlobalSection
	GlobalSection(ProjectConfigurationPlatforms) = postSolution
		{238316E0-AF5C-4389-9E7A-C31BB7F7D275}.Debug|Any CPU.ActiveCfg = Debug|Any CPU
		{238316E0-AF5C-4389-9E7A-C31BB7F7D275}.Debug|Any CPU.Build.0 = Debug|Any CPU
		{238316E0-AF5C-4389-9E7A-C31BB7F7D275}.Release|Any CPU.ActiveCfg = Release|Any CPU
		{238316E0-AF5C-4389-9E7A-C31BB7F7D275}.Release|Any CPU.Build.0 = Release|Any CPU
		{AD71D5C8-C6BA-40F6-B015-B710D6295EC8}.Debug|Any CPU.ActiveCfg = Debug|Any CPU
		{AD71D5C8-C6BA-40F6-B015-B710D6295EC8}.Debug|Any CPU.Build.0 = Debug|Any CPU
		{AD71D5C8-C6BA-40F6-B015-B710D6295EC8}.Release|Any CPU.ActiveCfg = Release|Any CPU
		{AD71D5C8-C6BA-40F6-B015-B710D6295EC8}.Release|Any CPU.Build.0 = Release|Any CPU
		{8BE2C5DF-C215-4B01-8CE3-59AB36EAA43C}.Debug|Any CPU.ActiveCfg = Debug|Any CPU
		{8BE2C5DF-C215-4B01-8CE3-59AB36EAA43C}.Debug|Any CPU.Build.0 = Debug|Any CPU
		{8BE2C5DF-C215-4B01-8CE3-59AB36EAA43C}.Release|Any CPU.ActiveCfg = Release|Any CPU
		{8BE2C5DF-C215-4B01-8CE3-59AB36EAA43C}.Release|Any CPU.Build.0 = Release|Any CPU
		{B46CD72E-1EC7-4C6E-8ED4-8ED3AFFD9720}.Debug|Any CPU.ActiveCfg = Debug|Any CPU
		{B46CD72E-1EC7-4C6E-8ED4-8ED3AFFD9720}.Debug|Any CPU.Build.0 = Debug|Any CPU
		{B46CD72E-1EC7-4C6E-8ED4-8ED3AFFD9720}.Release|Any CPU.ActiveCfg = Release|Any CPU
		{B46CD72E-1EC7-4C6E-8ED4-8ED3AFFD9720}.Release|Any CPU.Build.0 = Release|Any CPU
		{A60AF656-F31B-44EC-847E-0A43558BCDD1}.Debug|Any CPU.ActiveCfg = Debug|Any CPU
		{A60AF656-F31B-44EC-847E-0A43558BCDD1}.Debug|Any CPU.Build.0 = Debug|Any CPU
		{A60AF656-F31B-44EC-847E-0A43558BCDD1}.Release|Any CPU.ActiveCfg = Release|Any CPU
		{A60AF656-F31B-44EC-847E-0A43558BCDD1}.Release|Any CPU.Build.0 = Release|Any CPU
	EndGlobalSection
	GlobalSection(SolutionProperties) = preSolution
		HideSolutionNode = FALSE
	EndGlobalSection
	GlobalSection(ExtensibilityGlobals) = postSolution
		SolutionGuid = {EB8411D8-03BB-4030-97DA-9DB681CA74AF}
	EndGlobalSection
EndGlobal
